
Microsoft Visual Studio Solution File, Format Version 12.00
# Visual Studio Version 16
VisualStudioVersion = 16.0.31205.134
MinimumVisualStudioVersion = 10.0.40219.1
Project("{FAE04EC0-301F-11D3-BF4B-00C04F79EFBC}") = "RSM", "RSM\RSM.csproj", "{1B962B44-BD26-4178-A22F-BC1A9601E9BF}"
EndProject
Global
	GlobalSection(SolutionConfigurationPlatforms) = preSolution
		Debug|Any CPU = Debug|Any CPU
		Release|Any CPU = Release|Any CPU
	EndGlobalSection
	GlobalSection(ProjectConfigurationPlatforms) = postSolution
		{1B962B44-BD26-4178-A22F-BC1A9601E9BF}.Debug|Any CPU.ActiveCfg = Debug|Any CPU
		{1B962B44-BD26-4178-A22F-BC1A9601E9BF}.Debug|Any CPU.Build.0 = Debug|Any CPU
		{1B962B44-BD26-4178-A22F-BC1A9601E9BF}.Release|Any CPU.ActiveCfg = Release|Any CPU
		{1B962B44-BD26-4178-A22F-BC1A9601E9BF}.Release|Any CPU.Build.0 = Release|Any CPU
	EndGlobalSection
	GlobalSection(SolutionProperties) = preSolution
		HideSolutionNode = FALSE
	EndGlobalSection
	GlobalSection(ExtensibilityGlobals) = postSolution
		SolutionGuid = {1EFE290F-FC5F-4BE6-99C1-9653F734761E}
	EndGlobalSection
EndGlobal
