
Microsoft Visual Studio Solution File, Format Version 12.00
# Visual Studio Version 16
VisualStudioVersion = 16.0.31624.102
MinimumVisualStudioVersion = 10.0.40219.1
Project("{C7167F0D-BC9F-4E6E-AFE1-012C56B48DB5}") = "RSMUltra (Package)", "RSMUltra (Package)\RSMUltra (Package).wapproj", "{5327F38F-1F22-4409-BB95-89B6F274DA70}"
EndProject
Project("{FAE04EC0-301F-11D3-BF4B-00C04F79EFBC}") = "RSMUltra", "RSMUltra\RSMUltra.csproj", "{FE40CFD3-E368-47E5-8083-1FF89E5BB2AC}"
EndProject
Global
	GlobalSection(SolutionConfigurationPlatforms) = preSolution
		Debug|arm64 = Debug|arm64
		Debug|x64 = Debug|x64
		Debug|x86 = Debug|x86
		Release|arm64 = Release|arm64
		Release|x64 = Release|x64
		Release|x86 = Release|x86
	EndGlobalSection
	GlobalSection(ProjectConfigurationPlatforms) = postSolution
		{5327F38F-1F22-4409-BB95-89B6F274DA70}.Debug|arm64.ActiveCfg = Debug|arm64
		{5327F38F-1F22-4409-BB95-89B6F274DA70}.Debug|arm64.Build.0 = Debug|arm64
		{5327F38F-1F22-4409-BB95-89B6F274DA70}.Debug|arm64.Deploy.0 = Debug|arm64
		{5327F38F-1F22-4409-BB95-89B6F274DA70}.Debug|x64.ActiveCfg = Debug|x64
		{5327F38F-1F22-4409-BB95-89B6F274DA70}.Debug|x64.Build.0 = Debug|x64
		{5327F38F-1F22-4409-BB95-89B6F274DA70}.Debug|x64.Deploy.0 = Debug|x64
		{5327F38F-1F22-4409-BB95-89B6F274DA70}.Debug|x86.ActiveCfg = Debug|x86
		{5327F38F-1F22-4409-BB95-89B6F274DA70}.Debug|x86.Build.0 = Debug|x86
		{5327F38F-1F22-4409-BB95-89B6F274DA70}.Debug|x86.Deploy.0 = Debug|x86
		{5327F38F-1F22-4409-BB95-89B6F274DA70}.Release|arm64.ActiveCfg = Release|arm64
		{5327F38F-1F22-4409-BB95-89B6F274DA70}.Release|arm64.Build.0 = Release|arm64
		{5327F38F-1F22-4409-BB95-89B6F274DA70}.Release|arm64.Deploy.0 = Release|arm64
		{5327F38F-1F22-4409-BB95-89B6F274DA70}.Release|x64.ActiveCfg = Release|x64
		{5327F38F-1F22-4409-BB95-89B6F274DA70}.Release|x64.Build.0 = Release|x64
		{5327F38F-1F22-4409-BB95-89B6F274DA70}.Release|x64.Deploy.0 = Release|x64
		{5327F38F-1F22-4409-BB95-89B6F274DA70}.Release|x86.ActiveCfg = Release|x86
		{5327F38F-1F22-4409-BB95-89B6F274DA70}.Release|x86.Build.0 = Release|x86
		{5327F38F-1F22-4409-BB95-89B6F274DA70}.Release|x86.Deploy.0 = Release|x86
		{FE40CFD3-E368-47E5-8083-1FF89E5BB2AC}.Debug|arm64.ActiveCfg = Debug|arm64
		{FE40CFD3-E368-47E5-8083-1FF89E5BB2AC}.Debug|arm64.Build.0 = Debug|arm64
		{FE40CFD3-E368-47E5-8083-1FF89E5BB2AC}.Debug|x64.ActiveCfg = Debug|x64
		{FE40CFD3-E368-47E5-8083-1FF89E5BB2AC}.Debug|x64.Build.0 = Debug|x64
		{FE40CFD3-E368-47E5-8083-1FF89E5BB2AC}.Debug|x86.ActiveCfg = Debug|x86
		{FE40CFD3-E368-47E5-8083-1FF89E5BB2AC}.Debug|x86.Build.0 = Debug|x86
		{FE40CFD3-E368-47E5-8083-1FF89E5BB2AC}.Release|arm64.ActiveCfg = Release|arm64
		{FE40CFD3-E368-47E5-8083-1FF89E5BB2AC}.Release|arm64.Build.0 = Release|arm64
		{FE40CFD3-E368-47E5-8083-1FF89E5BB2AC}.Release|x64.ActiveCfg = Release|x64
		{FE40CFD3-E368-47E5-8083-1FF89E5BB2AC}.Release|x64.Build.0 = Release|x64
		{FE40CFD3-E368-47E5-8083-1FF89E5BB2AC}.Release|x86.ActiveCfg = Release|x86
		{FE40CFD3-E368-47E5-8083-1FF89E5BB2AC}.Release|x86.Build.0 = Release|x86
	EndGlobalSection
	GlobalSection(SolutionProperties) = preSolution
		HideSolutionNode = FALSE
	EndGlobalSection
	GlobalSection(ExtensibilityGlobals) = postSolution
		SolutionGuid = {01F30601-24C6-4B6D-8017-59CADF6CDB17}
	EndGlobalSection
EndGlobal
