
Microsoft Visual Studio Solution File, Format Version 12.00
# Visual Studio Version 16
VisualStudioVersion = 16.0.31129.286
MinimumVisualStudioVersion = 10.0.40219.1
Project("{9A19103F-16F7-4668-BE54-9A1E7A4F7556}") = "SSM", "SSM\SSM.csproj", "{6CB00495-B277-4BDF-9F15-277177CDD97C}"
EndProject
Global
	GlobalSection(SolutionConfigurationPlatforms) = preSolution
		Debug|Any CPU = Debug|Any CPU
		Release|Any CPU = Release|Any CPU
	EndGlobalSection
	GlobalSection(ProjectConfigurationPlatforms) = postSolution
		{6CB00495-B277-4BDF-9F15-277177CDD97C}.Debug|Any CPU.ActiveCfg = Debug|Any CPU
		{6CB00495-B277-4BDF-9F15-277177CDD97C}.Debug|Any CPU.Build.0 = Debug|Any CPU
		{6CB00495-B277-4BDF-9F15-277177CDD97C}.Release|Any CPU.ActiveCfg = Release|Any CPU
		{6CB00495-B277-4BDF-9F15-277177CDD97C}.Release|Any CPU.Build.0 = Release|Any CPU
	EndGlobalSection
	GlobalSection(SolutionProperties) = preSolution
		HideSolutionNode = FALSE
	EndGlobalSection
	GlobalSection(ExtensibilityGlobals) = postSolution
		SolutionGuid = {31956494-3D5C-4C75-9980-BA056198D3E4}
	EndGlobalSection
EndGlobal
