
Microsoft Visual Studio Solution File, Format Version 12.00
# Visual Studio Version 16
VisualStudioVersion = 16.0.31129.286
MinimumVisualStudioVersion = 10.0.40219.1
Project("{FAE04EC0-301F-11D3-BF4B-00C04F79EFBC}") = "SSM", "SSM\SSM.csproj", "{EFF9B056-D58C-4EC2-8E40-FD54F4631D1A}"
EndProject
Global
	GlobalSection(SolutionConfigurationPlatforms) = preSolution
		Debug|Any CPU = Debug|Any CPU
		Release|Any CPU = Release|Any CPU
	EndGlobalSection
	GlobalSection(ProjectConfigurationPlatforms) = postSolution
		{EFF9B056-D58C-4EC2-8E40-FD54F4631D1A}.Debug|Any CPU.ActiveCfg = Debug|Any CPU
		{EFF9B056-D58C-4EC2-8E40-FD54F4631D1A}.Debug|Any CPU.Build.0 = Debug|Any CPU
		{EFF9B056-D58C-4EC2-8E40-FD54F4631D1A}.Release|Any CPU.ActiveCfg = Release|Any CPU
		{EFF9B056-D58C-4EC2-8E40-FD54F4631D1A}.Release|Any CPU.Build.0 = Release|Any CPU
	EndGlobalSection
	GlobalSection(SolutionProperties) = preSolution
		HideSolutionNode = FALSE
	EndGlobalSection
	GlobalSection(ExtensibilityGlobals) = postSolution
		SolutionGuid = {95D09073-42D3-41EA-A293-6AF2C58556A9}
	EndGlobalSection
EndGlobal
